// !$*UTF8*$!
{
	archiveVersion = 1;
	classes = {
	};
	objectVersion = 60;
	objects = {

/* Begin PBXBuildFile section */
		D00000000000000000000020 /* AppMain.swift in Sources */ = {isa = PBXBuildFile; fileRef = D00000000000000000000010 /* AppMain.swift */; };
		D00000000000000000000021 /* ClassicUISpriteKit in Frameworks */ = {isa = PBXBuildFile; productRef = D00000000000000000000053 /* ClassicUISpriteKit */; };
/* End PBXBuildFile section */

/* Begin PBXFileReference section */
		D00000000000000000000010 /* AppMain.swift */ = {isa = PBXFileReference; lastKnownFileType = sourcecode.swift; path = AppMain.swift; sourceTree = "<group>"; };
		D00000000000000000000011 /* ClassicUIDarwin.app */ = {isa = PBXFileReference; explicitFileType = wrapper.application; includeInIndex = 0; path = ClassicUIDarwin.app; sourceTree = BUILT_PRODUCTS_DIR; };
/* End PBXFileReference section */

/* Begin PBXFrameworksBuildPhase section */
		D00000000000000000000032 /* Frameworks */ = {
			isa = PBXFrameworksBuildPhase;
			buildActionMask = 2147483647;
			files = (
				D00000000000000000000021 /* ClassicUISpriteKit in Frameworks */,
			);
			runOnlyForDeploymentPostprocessing = 0;
		};
/* End PBXFrameworksBuildPhase section */

/* Begin PBXGroup section */
		D00000000000000000000002 = {
			isa = PBXGroup;
			children = (
				D00000000000000000000004 /* ClassicUIDarwin */,
				D00000000000000000000003 /* Products */,
			);
			sourceTree = "<group>";
		};
		D00000000000000000000003 /* Products */ = {
			isa = PBXGroup;
			children = (
				D00000000000000000000011 /* ClassicUIDarwin.app */,
			);
			name = Products;
			sourceTree = "<group>";
		};
		D00000000000000000000004 /* ClassicUIDarwin */ = {
			isa = PBXGroup;
			children = (
				D00000000000000000000010 /* AppMain.swift */,
			);
			path = ClassicUIDarwin;
			sourceTree = "<group>";
		};
/* End PBXGroup section */

/* Begin PBXNativeTarget section */
		D00000000000000000000030 /* ClassicUIDarwin */ = {
			isa = PBXNativeTarget;
			buildConfigurationList = D00000000000000000000043 /* Build configuration list for PBXNativeTarget "ClassicUIDarwin" */;
			buildPhases = (
				D00000000000000000000031 /* Sources */,
				D00000000000000000000032 /* Frameworks */,
			);
			buildRules = (
			);
			dependencies = (
			);
			name = ClassicUIDarwin;
			packageProductDependencies = (
				D00000000000000000000053 /* ClassicUISpriteKit */,
			);
			productName = ClassicUIDarwin;
			productReference = D00000000000000000000011 /* ClassicUIDarwin.app */;
			productType = "com.apple.product-type.application";
		};
/* End PBXNativeTarget section */

/* Begin PBXProject section */
		D00000000000000000000001 /* Project object */ = {
			isa = PBXProject;
			attributes = {
				BuildIndependentTargetsInParallel = 1;
				LastSwiftUpdateCheck = 1540;
				LastUpgradeCheck = 1540;
			};
			buildConfigurationList = D00000000000000000000040 /* Build configuration list for PBXProject "ClassicUIDarwin" */;
			compatibilityVersion = "Xcode 14.0";
			developmentRegion = en;
			hasScannedForEncodings = 0;
			knownRegions = (
				en,
				Base,
			);
			mainGroup = D00000000000000000000002;
			packageReferences = (
				D00000000000000000000050 /* XCLocalSwiftPackageReference "../.." */,
				D00000000000000000000051 /* XCLocalSwiftPackageReference "../../Packages/Silica" */,
				D00000000000000000000052 /* XCLocalSwiftPackageReference "../../Packages/Cairo" */,
			);
			productRefGroup = D00000000000000000000003 /* Products */;
			projectDirPath = "";
			projectRoot = "";
			targets = (
				D00000000000000000000030 /* ClassicUIDarwin */,
			);
		};
/* End PBXProject section */

/* Begin PBXSourcesBuildPhase section */
		D00000000000000000000031 /* Sources */ = {
			isa = PBXSourcesBuildPhase;
			buildActionMask = 2147483647;
			files = (
				D00000000000000000000020 /* AppMain.swift in Sources */,
			);
			runOnlyForDeploymentPostprocessing = 0;
		};
/* End PBXSourcesBuildPhase section */

/* Begin XCBuildConfiguration section */
		D00000000000000000000041 /* Debug */ = {
			isa = XCBuildConfiguration;
			buildSettings = {
				ALWAYS_SEARCH_USER_PATHS = NO;
				CLANG_ENABLE_MODULES = YES;
				CLANG_ENABLE_OBJC_ARC = YES;
				COPY_PHASE_STRIP = NO;
				DEBUG_INFORMATION_FORMAT = dwarf;
				ENABLE_STRICT_OBJC_MSGSEND = YES;
				ENABLE_TESTABILITY = YES;
				GCC_DYNAMIC_NO_PIC = NO;
				GCC_OPTIMIZATION_LEVEL = 0;
				GCC_PREPROCESSOR_DEFINITIONS = (
					"DEBUG=1",
					"$(inherited)",
				);
				MACOSX_DEPLOYMENT_TARGET = 14.0;
				MTL_ENABLE_DEBUG_INFO = INCLUDE_SOURCE;
				MTL_FAST_MATH = YES;
				ONLY_ACTIVE_ARCH = YES;
				SDKROOT = macosx;
				SWIFT_ACTIVE_COMPILATION_CONDITIONS = "DEBUG $(inherited)";
				SWIFT_OPTIMIZATION_LEVEL = "-Onone";
			};
			name = Debug;
		};
		D00000000000000000000042 /* Release */ = {
			isa = XCBuildConfiguration;
			buildSettings = {
				ALWAYS_SEARCH_USER_PATHS = NO;
				CLANG_ENABLE_MODULES = YES;
				CLANG_ENABLE_OBJC_ARC = YES;
				COPY_PHASE_STRIP = NO;
				DEBUG_INFORMATION_FORMAT = "dwarf-with-dsym";
				ENABLE_NS_ASSERTIONS = NO;
				ENABLE_STRICT_OBJC_MSGSEND = YES;
				MACOSX_DEPLOYMENT_TARGET = 14.0;
				MTL_ENABLE_DEBUG_INFO = NO;
				MTL_FAST_MATH = YES;
				SDKROOT = macosx;
				SWIFT_COMPILATION_MODE = wholemodule;
				SWIFT_OPTIMIZATION_LEVEL = "-O";
			};
			name = Release;
		};
		D00000000000000000000044 /* Debug */ = {
			isa = XCBuildConfiguration;
			buildSettings = {
				CODE_SIGN_IDENTITY = "-";
				CODE_SIGN_STYLE = Automatic;
				COMBINE_HIDPI_IMAGES = YES;
				CURRENT_PROJECT_VERSION = 1;
				ENABLE_HARDENED_RUNTIME = YES;
				GENERATE_INFOPLIST_FILE = YES;
				INFOPLIST_KEY_NSHumanReadableCopyright = "";
				INFOPLIST_KEY_NSPrincipalClass = NSApplication;
				LD_RUNPATH_SEARCH_PATHS = (
					"$(inherited)",
					"@executable_path/../Frameworks",
				);
				MARKETING_VERSION = 0.1;
				PRODUCT_BUNDLE_IDENTIFIER = com.pureswift.ClassicUIDarwin;
				PRODUCT_NAME = "$(TARGET_NAME)";
				SWIFT_VERSION = 6.0;
			};
			name = Debug;
		};
		D00000000000000000000045 /* Release */ = {
			isa = XCBuildConfiguration;
			buildSettings = {
				CODE_SIGN_IDENTITY = "-";
				CODE_SIGN_STYLE = Automatic;
				COMBINE_HIDPI_IMAGES = YES;
				CURRENT_PROJECT_VERSION = 1;
				ENABLE_HARDENED_RUNTIME = YES;
				GENERATE_INFOPLIST_FILE = YES;
				INFOPLIST_KEY_NSHumanReadableCopyright = "";
				INFOPLIST_KEY_NSPrincipalClass = NSApplication;
				LD_RUNPATH_SEARCH_PATHS = (
					"$(inherited)",
					"@executable_path/../Frameworks",
				);
				MARKETING_VERSION = 0.1;
				PRODUCT_BUNDLE_IDENTIFIER = com.pureswift.ClassicUIDarwin;
				PRODUCT_NAME = "$(TARGET_NAME)";
				SWIFT_VERSION = 6.0;
			};
			name = Release;
		};
/* End XCBuildConfiguration section */

/* Begin XCConfigurationList section */
		D00000000000000000000040 /* Build configuration list for PBXProject "ClassicUIDarwin" */ = {
			isa = XCConfigurationList;
			buildConfigurations = (
				D00000000000000000000041 /* Debug */,
				D00000000000000000000042 /* Release */,
			);
			defaultConfigurationIsVisible = 0;
			defaultConfigurationName = Release;
		};
		D00000000000000000000043 /* Build configuration list for PBXNativeTarget "ClassicUIDarwin" */ = {
			isa = XCConfigurationList;
			buildConfigurations = (
				D00000000000000000000044 /* Debug */,
				D00000000000000000000045 /* Release */,
			);
			defaultConfigurationIsVisible = 0;
			defaultConfigurationName = Release;
		};
/* End XCConfigurationList section */

/* Begin XCLocalSwiftPackageReference section */
		D00000000000000000000050 /* XCLocalSwiftPackageReference "../.." */ = {
			isa = XCLocalSwiftPackageReference;
			relativePath = "../..";
		};
		D00000000000000000000051 /* XCLocalSwiftPackageReference "../../Packages/Silica" */ = {
			isa = XCLocalSwiftPackageReference;
			relativePath = "../../Packages/Silica";
		};
		D00000000000000000000052 /* XCLocalSwiftPackageReference "../../Packages/Cairo" */ = {
			isa = XCLocalSwiftPackageReference;
			relativePath = "../../Packages/Cairo";
		};
/* End XCLocalSwiftPackageReference section */

/* Begin XCSwiftPackageProductDependency section */
		D00000000000000000000053 /* ClassicUISpriteKit */ = {
			isa = XCSwiftPackageProductDependency;
			productName = ClassicUISpriteKit;
		};
/* End XCSwiftPackageProductDependency section */
	};
	rootObject = D00000000000000000000001 /* Project object */;
}
